
Microsoft Visual Studio Solution File, Format Version 12.00
# Visual Studio 15
VisualStudioVersion = 15.0.27004.2006
MinimumVisualStudioVersion = 10.0.40219.1
Project("{FAE04EC0-301F-11D3-BF4B-00C04F79EFBC}") = "ListenToMe", "ListenToMe\ListenToMe.csproj", "{72B08CB8-6F57-4C46-9188-E8FDADEB0745}"
	ProjectSection(ProjectDependencies) = postProject
		{E9D2F0EE-20A3-423E-9F39-95B54982FC36} = {E9D2F0EE-20A3-423E-9F39-95B54982FC36}
	EndProjectSection
EndProject
Project("{FAE04EC0-301F-11D3-BF4B-00C04F79EFBC}") = "VoiceCommandService", "VoiceCommandService\VoiceCommandService.csproj", "{E8B176DD-02A3-4279-B819-D8A46F675D49}"
EndProject
Project("{FAE04EC0-301F-11D3-BF4B-00C04F79EFBC}") = "Microsoft.Bot.Sample.LuisBot", "formbot20171129\Microsoft.Bot.Sample.LuisBot.csproj", "{9C7E3A46-B60F-4052-9A21-DC8D1A942216}"
EndProject
Project("{FAE04EC0-301F-11D3-BF4B-00C04F79EFBC}") = "WcfService1", "WcfService1\WcfService1\WcfService1\WcfService1.csproj", "{E9D2F0EE-20A3-423E-9F39-95B54982FC36}"
EndProject
Project("{FAE04EC0-301F-11D3-BF4B-00C04F79EFBC}") = "ClassLibrary.model", "ClassLibrary.model\ClassLibrary.model.csproj", "{AD36F370-8F32-4553-B141-72F6C70FB2C3}"
EndProject
Global
	GlobalSection(SolutionConfigurationPlatforms) = preSolution
		Debug|Any CPU = Debug|Any CPU
		Debug|ARM = Debug|ARM
		Debug|x64 = Debug|x64
		Debug|x86 = Debug|x86
		Release|Any CPU = Release|Any CPU
		Release|ARM = Release|ARM
		Release|x64 = Release|x64
		Release|x86 = Release|x86
	EndGlobalSection
	GlobalSection(ProjectConfigurationPlatforms) = postSolution
		{72B08CB8-6F57-4C46-9188-E8FDADEB0745}.Debug|Any CPU.ActiveCfg = Debug|x86
		{72B08CB8-6F57-4C46-9188-E8FDADEB0745}.Debug|ARM.ActiveCfg = Debug|ARM
		{72B08CB8-6F57-4C46-9188-E8FDADEB0745}.Debug|ARM.Build.0 = Debug|ARM
		{72B08CB8-6F57-4C46-9188-E8FDADEB0745}.Debug|ARM.Deploy.0 = Debug|ARM
		{72B08CB8-6F57-4C46-9188-E8FDADEB0745}.Debug|x64.ActiveCfg = Debug|x64
		{72B08CB8-6F57-4C46-9188-E8FDADEB0745}.Debug|x64.Build.0 = Debug|x64
		{72B08CB8-6F57-4C46-9188-E8FDADEB0745}.Debug|x64.Deploy.0 = Debug|x64
		{72B08CB8-6F57-4C46-9188-E8FDADEB0745}.Debug|x86.ActiveCfg = Debug|x86
		{72B08CB8-6F57-4C46-9188-E8FDADEB0745}.Debug|x86.Build.0 = Debug|x86
		{72B08CB8-6F57-4C46-9188-E8FDADEB0745}.Debug|x86.Deploy.0 = Debug|x86
		{72B08CB8-6F57-4C46-9188-E8FDADEB0745}.Release|Any CPU.ActiveCfg = Release|x86
		{72B08CB8-6F57-4C46-9188-E8FDADEB0745}.Release|ARM.ActiveCfg = Release|ARM
		{72B08CB8-6F57-4C46-9188-E8FDADEB0745}.Release|ARM.Build.0 = Release|ARM
		{72B08CB8-6F57-4C46-9188-E8FDADEB0745}.Release|ARM.Deploy.0 = Release|ARM
		{72B08CB8-6F57-4C46-9188-E8FDADEB0745}.Release|x64.ActiveCfg = Release|x64
		{72B08CB8-6F57-4C46-9188-E8FDADEB0745}.Release|x64.Build.0 = Release|x64
		{72B08CB8-6F57-4C46-9188-E8FDADEB0745}.Release|x64.Deploy.0 = Release|x64
		{72B08CB8-6F57-4C46-9188-E8FDADEB0745}.Release|x86.ActiveCfg = Release|x86
		{72B08CB8-6F57-4C46-9188-E8FDADEB0745}.Release|x86.Build.0 = Release|x86
		{72B08CB8-6F57-4C46-9188-E8FDADEB0745}.Release|x86.Deploy.0 = Release|x86
		{E8B176DD-02A3-4279-B819-D8A46F675D49}.Debug|Any CPU.ActiveCfg = Debug|Any CPU
		{E8B176DD-02A3-4279-B819-D8A46F675D49}.Debug|Any CPU.Build.0 = Debug|Any CPU
		{E8B176DD-02A3-4279-B819-D8A46F675D49}.Debug|ARM.ActiveCfg = Debug|ARM
		{E8B176DD-02A3-4279-B819-D8A46F675D49}.Debug|ARM.Build.0 = Debug|ARM
		{E8B176DD-02A3-4279-B819-D8A46F675D49}.Debug|x64.ActiveCfg = Debug|x64
		{E8B176DD-02A3-4279-B819-D8A46F675D49}.Debug|x64.Build.0 = Debug|x64
		{E8B176DD-02A3-4279-B819-D8A46F675D49}.Debug|x86.ActiveCfg = Debug|x86
		{E8B176DD-02A3-4279-B819-D8A46F675D49}.Debug|x86.Build.0 = Debug|x86
		{E8B176DD-02A3-4279-B819-D8A46F675D49}.Release|Any CPU.ActiveCfg = Release|Any CPU
		{E8B176DD-02A3-4279-B819-D8A46F675D49}.Release|Any CPU.Build.0 = Release|Any CPU
		{E8B176DD-02A3-4279-B819-D8A46F675D49}.Release|ARM.ActiveCfg = Release|ARM
		{E8B176DD-02A3-4279-B819-D8A46F675D49}.Release|ARM.Build.0 = Release|ARM
		{E8B176DD-02A3-4279-B819-D8A46F675D49}.Release|x64.ActiveCfg = Release|x64
		{E8B176DD-02A3-4279-B819-D8A46F675D49}.Release|x64.Build.0 = Release|x64
		{E8B176DD-02A3-4279-B819-D8A46F675D49}.Release|x86.ActiveCfg = Release|x86
		{E8B176DD-02A3-4279-B819-D8A46F675D49}.Release|x86.Build.0 = Release|x86
		{9C7E3A46-B60F-4052-9A21-DC8D1A942216}.Debug|Any CPU.ActiveCfg = Debug|Any CPU
		{9C7E3A46-B60F-4052-9A21-DC8D1A942216}.Debug|Any CPU.Build.0 = Debug|Any CPU
		{9C7E3A46-B60F-4052-9A21-DC8D1A942216}.Debug|ARM.ActiveCfg = Debug|Any CPU
		{9C7E3A46-B60F-4052-9A21-DC8D1A942216}.Debug|ARM.Build.0 = Debug|Any CPU
		{9C7E3A46-B60F-4052-9A21-DC8D1A942216}.Debug|x64.ActiveCfg = Debug|Any CPU
		{9C7E3A46-B60F-4052-9A21-DC8D1A942216}.Debug|x64.Build.0 = Debug|Any CPU
		{9C7E3A46-B60F-4052-9A21-DC8D1A942216}.Debug|x86.ActiveCfg = Debug|Any CPU
		{9C7E3A46-B60F-4052-9A21-DC8D1A942216}.Debug|x86.Build.0 = Debug|Any CPU
		{9C7E3A46-B60F-4052-9A21-DC8D1A942216}.Release|Any CPU.ActiveCfg = Release|Any CPU
		{9C7E3A46-B60F-4052-9A21-DC8D1A942216}.Release|Any CPU.Build.0 = Release|Any CPU
		{9C7E3A46-B60F-4052-9A21-DC8D1A942216}.Release|ARM.ActiveCfg = Release|Any CPU
		{9C7E3A46-B60F-4052-9A21-DC8D1A942216}.Release|ARM.Build.0 = Release|Any CPU
		{9C7E3A46-B60F-4052-9A21-DC8D1A942216}.Release|x64.ActiveCfg = Release|Any CPU
		{9C7E3A46-B60F-4052-9A21-DC8D1A942216}.Release|x64.Build.0 = Release|Any CPU
		{9C7E3A46-B60F-4052-9A21-DC8D1A942216}.Release|x86.ActiveCfg = Release|Any CPU
		{9C7E3A46-B60F-4052-9A21-DC8D1A942216}.Release|x86.Build.0 = Release|Any CPU
		{E9D2F0EE-20A3-423E-9F39-95B54982FC36}.Debug|Any CPU.ActiveCfg = Debug|Any CPU
		{E9D2F0EE-20A3-423E-9F39-95B54982FC36}.Debug|Any CPU.Build.0 = Debug|Any CPU
		{E9D2F0EE-20A3-423E-9F39-95B54982FC36}.Debug|ARM.ActiveCfg = Debug|Any CPU
		{E9D2F0EE-20A3-423E-9F39-95B54982FC36}.Debug|ARM.Build.0 = Debug|Any CPU
		{E9D2F0EE-20A3-423E-9F39-95B54982FC36}.Debug|x64.ActiveCfg = Debug|Any CPU
		{E9D2F0EE-20A3-423E-9F39-95B54982FC36}.Debug|x64.Build.0 = Debug|Any CPU
		{E9D2F0EE-20A3-423E-9F39-95B54982FC36}.Debug|x86.ActiveCfg = Debug|Any CPU
		{E9D2F0EE-20A3-423E-9F39-95B54982FC36}.Debug|x86.Build.0 = Debug|Any CPU
		{E9D2F0EE-20A3-423E-9F39-95B54982FC36}.Release|Any CPU.ActiveCfg = Release|Any CPU
		{E9D2F0EE-20A3-423E-9F39-95B54982FC36}.Release|Any CPU.Build.0 = Release|Any CPU
		{E9D2F0EE-20A3-423E-9F39-95B54982FC36}.Release|ARM.ActiveCfg = Release|Any CPU
		{E9D2F0EE-20A3-423E-9F39-95B54982FC36}.Release|ARM.Build.0 = Release|Any CPU
		{E9D2F0EE-20A3-423E-9F39-95B54982FC36}.Release|x64.ActiveCfg = Release|Any CPU
		{E9D2F0EE-20A3-423E-9F39-95B54982FC36}.Release|x64.Build.0 = Release|Any CPU
		{E9D2F0EE-20A3-423E-9F39-95B54982FC36}.Release|x86.ActiveCfg = Release|Any CPU
		{E9D2F0EE-20A3-423E-9F39-95B54982FC36}.Release|x86.Build.0 = Release|Any CPU
		{AD36F370-8F32-4553-B141-72F6C70FB2C3}.Debug|Any CPU.ActiveCfg = Debug|Any CPU
		{AD36F370-8F32-4553-B141-72F6C70FB2C3}.Debug|Any CPU.Build.0 = Debug|Any CPU
		{AD36F370-8F32-4553-B141-72F6C70FB2C3}.Debug|ARM.ActiveCfg = Debug|ARM
		{AD36F370-8F32-4553-B141-72F6C70FB2C3}.Debug|ARM.Build.0 = Debug|ARM
		{AD36F370-8F32-4553-B141-72F6C70FB2C3}.Debug|x64.ActiveCfg = Debug|x64
		{AD36F370-8F32-4553-B141-72F6C70FB2C3}.Debug|x64.Build.0 = Debug|x64
		{AD36F370-8F32-4553-B141-72F6C70FB2C3}.Debug|x86.ActiveCfg = Debug|x86
		{AD36F370-8F32-4553-B141-72F6C70FB2C3}.Debug|x86.Build.0 = Debug|x86
		{AD36F370-8F32-4553-B141-72F6C70FB2C3}.Release|Any CPU.ActiveCfg = Release|Any CPU
		{AD36F370-8F32-4553-B141-72F6C70FB2C3}.Release|Any CPU.Build.0 = Release|Any CPU
		{AD36F370-8F32-4553-B141-72F6C70FB2C3}.Release|ARM.ActiveCfg = Release|ARM
		{AD36F370-8F32-4553-B141-72F6C70FB2C3}.Release|ARM.Build.0 = Release|ARM
		{AD36F370-8F32-4553-B141-72F6C70FB2C3}.Release|x64.ActiveCfg = Release|x64
		{AD36F370-8F32-4553-B141-72F6C70FB2C3}.Release|x64.Build.0 = Release|x64
		{AD36F370-8F32-4553-B141-72F6C70FB2C3}.Release|x86.ActiveCfg = Release|x86
		{AD36F370-8F32-4553-B141-72F6C70FB2C3}.Release|x86.Build.0 = Release|x86
	EndGlobalSection
	GlobalSection(SolutionProperties) = preSolution
		HideSolutionNode = FALSE
	EndGlobalSection
	GlobalSection(ExtensibilityGlobals) = postSolution
		SolutionGuid = {AAA53977-4428-45B4-A89E-1AEE2EF8357E}
	EndGlobalSection
EndGlobal
